
Microsoft Visual Studio Solution File, Format Version 12.00
# Visual Studio Version 16
VisualStudioVersion = 16.0.30128.74
MinimumVisualStudioVersion = 10.0.40219.1
Project("{FAE04EC0-301F-11D3-BF4B-00C04F79EFBC}") = "Repo", "Repo.csproj", "{670B341B-5D93-49EB-BEB1-17CB00A502E7}"
EndProject
Global
	GlobalSection(SolutionConfigurationPlatforms) = preSolution
		Debug|Any CPU = Debug|Any CPU
		Release|Any CPU = Release|Any CPU
	EndGlobalSection
	GlobalSection(ProjectConfigurationPlatforms) = postSolution
		{670B341B-5D93-49EB-BEB1-17CB00A502E7}.Debug|Any CPU.ActiveCfg = Debug|Any CPU
		{670B341B-5D93-49EB-BEB1-17CB00A502E7}.Debug|Any CPU.Build.0 = Debug|Any CPU
		{670B341B-5D93-49EB-BEB1-17CB00A502E7}.Release|Any CPU.ActiveCfg = Release|Any CPU
		{670B341B-5D93-49EB-BEB1-17CB00A502E7}.Release|Any CPU.Build.0 = Release|Any CPU
	EndGlobalSection
	GlobalSection(SolutionProperties) = preSolution
		HideSolutionNode = FALSE
	EndGlobalSection
	GlobalSection(ExtensibilityGlobals) = postSolution
		SolutionGuid = {8DF05EB1-6F67-461F-8976-B02EA1724C7E}
	EndGlobalSection
EndGlobal
